
Microsoft Visual Studio Solution File, Format Version 12.00
# Visual Studio Version 16
VisualStudioVersion = 16.0.29728.190
MinimumVisualStudioVersion = 10.0.40219.1
Project("{FAE04EC0-301F-11D3-BF4B-00C04F79EFBC}") = "DependencyInjection1", "DependencyInjection1\DependencyInjection1.csproj", "{B583E20D-0E6D-4909-9009-4AD879299DBF}"
EndProject
Project("{FAE04EC0-301F-11D3-BF4B-00C04F79EFBC}") = "Observer3", "Observer3\Observer3.csproj", "{196D2AC9-8A19-4F68-984D-5E537FC4DE96}"
EndProject
Project("{FAE04EC0-301F-11D3-BF4B-00C04F79EFBC}") = "Observer4", "Observer4\Observer4.csproj", "{1D53561F-1AD7-4F0C-B6D4-C9733EAB628A}"
EndProject
Project("{FAE04EC0-301F-11D3-BF4B-00C04F79EFBC}") = "DependencyInjection2", "DependencyInjection2\DependencyInjection2.csproj", "{F9100648-3654-48ED-B20A-503C4A531CF5}"
EndProject
Project("{FAE04EC0-301F-11D3-BF4B-00C04F79EFBC}") = "StrategyPattern1", "StrategyPattern1\StrategyPattern1.csproj", "{9C210621-3C1D-4E2D-8EF0-3E683B47CEEC}"
EndProject
Project("{FAE04EC0-301F-11D3-BF4B-00C04F79EFBC}") = "StrategyPattern2", "StrategyPattern2\StrategyPattern2.csproj", "{0925FD2E-AD74-494C-BFDF-401CE8DCE6DF}"
EndProject
Project("{FAE04EC0-301F-11D3-BF4B-00C04F79EFBC}") = "StrategyPattern2UnitTest", "StrategyPattern2UnitTest\StrategyPattern2UnitTest.csproj", "{2961C027-896F-43E9-85E4-9B60978DD4B0}"
EndProject
Project("{FAE04EC0-301F-11D3-BF4B-00C04F79EFBC}") = "StrategyPattern3", "StrategyPattern3\StrategyPattern3.csproj", "{97ED23C1-3C34-49BC-AFCA-97A5DF4543BD}"
EndProject
Project("{FAE04EC0-301F-11D3-BF4B-00C04F79EFBC}") = "Other1", "Other1\Other1.csproj", "{D884A594-8365-41DA-8D77-1CCF81759C8D}"
EndProject
Project("{FAE04EC0-301F-11D3-BF4B-00C04F79EFBC}") = "Other2", "Other2\Other2.csproj", "{E1372FAC-CDF8-4069-8328-30BFB2B45D7F}"
EndProject
Project("{FAE04EC0-301F-11D3-BF4B-00C04F79EFBC}") = "DependencyInjection3", "DependencyInjection3\DependencyInjection3.csproj", "{0CB27A86-3255-4BD6-9ACB-466113A2439D}"
EndProject
Project("{9A19103F-16F7-4668-BE54-9A1E7A4F7556}") = "Facade1", "Facade1\Facade1.csproj", "{340C8197-C674-47C7-BF96-166B19A48B09}"
EndProject
Project("{9A19103F-16F7-4668-BE54-9A1E7A4F7556}") = "Trait1", "Trait1\Trait1.csproj", "{A61F36DB-927D-4BF2-9C53-BD0408E8708F}"
EndProject
Project("{9A19103F-16F7-4668-BE54-9A1E7A4F7556}") = "Facade2", "Facade2\Facade2.csproj", "{07CB4CD1-7033-4E84-BD8E-AA010990D408}"
EndProject
Project("{9A19103F-16F7-4668-BE54-9A1E7A4F7556}") = "Interface1", "Interface1\Interface1.csproj", "{420F7C23-3AEF-40A5-9663-C4ABF813EDA0}"
EndProject
Project("{9A19103F-16F7-4668-BE54-9A1E7A4F7556}") = "Interface2", "Interface2\Interface2.csproj", "{CAA8E904-AFB5-4572-8C42-D3C33B7CC451}"
EndProject
Project("{9A19103F-16F7-4668-BE54-9A1E7A4F7556}") = "Interface3", "Interface3\Interface3.csproj", "{0AEEE958-3DAC-4BA3-A831-0BC7EDC34A97}"
EndProject
Project("{9A19103F-16F7-4668-BE54-9A1E7A4F7556}") = "Interface4", "Interface4\Interface4.csproj", "{2F9276F6-72F7-4535-8C5B-FA299BBEE378}"
EndProject
Project("{FAE04EC0-301F-11D3-BF4B-00C04F79EFBC}") = "DesignPattern1", "DesignPattern1\DesignPattern1.csproj", "{EC1E0455-B0EB-481F-885C-60724D14D225}"
EndProject
Project("{FAE04EC0-301F-11D3-BF4B-00C04F79EFBC}") = "TaskSample", "Task1\TaskSample.csproj", "{379D864B-4F15-47AE-A792-C79D1444030A}"
EndProject
Project("{FAE04EC0-301F-11D3-BF4B-00C04F79EFBC}") = "FactoryMethodPattern", "FactoryMethod1\FactoryMethodPattern.csproj", "{E4D451E5-E44D-4C86-9752-41875367F74E}"
EndProject
Project("{9A19103F-16F7-4668-BE54-9A1E7A4F7556}") = "Dynamic1", "Dynamic1\Dynamic1.csproj", "{77FF9AA3-0ED5-4364-9B90-4832648D39BE}"
EndProject
Project("{9A19103F-16F7-4668-BE54-9A1E7A4F7556}") = "List1", "List1\List1.csproj", "{5235A1A8-1CCD-404B-9DBA-37E08CA29873}"
EndProject
Project("{9A19103F-16F7-4668-BE54-9A1E7A4F7556}") = "MvcMovie1", "MvcMovie1\MvcMovie1.csproj", "{575F3BAB-CCCF-45C4-A129-05DEAEAB137C}"
EndProject
Project("{9A19103F-16F7-4668-BE54-9A1E7A4F7556}") = "RazorPagesMovie1", "RazorPagesMovie1\RazorPagesMovie1.csproj", "{6B4BA354-1F1D-407F-A522-2B4A142C344C}"
EndProject
Project("{FAE04EC0-301F-11D3-BF4B-00C04F79EFBC}") = "AbstractFactory1", "AbstractFactory1\AbstractFactory1.csproj", "{F732B073-23AB-4946-8485-C98596FD7862}"
EndProject
Project("{9A19103F-16F7-4668-BE54-9A1E7A4F7556}") = "AsyncAwait1", "AsyncAwait1\AsyncAwait1.csproj", "{B8B9327E-DB49-40B2-A7BF-3F5D2AA3ED82}"
EndProject
Project("{9A19103F-16F7-4668-BE54-9A1E7A4F7556}") = "AsyncAwait2", "AsyncAwait2\AsyncAwait2.csproj", "{3BDA6285-ACF2-449B-9B4C-079DA9D0935B}"
EndProject
Project("{9A19103F-16F7-4668-BE54-9A1E7A4F7556}") = "AsyncAwait3", "AsyncAwait3\AsyncAwait3.csproj", "{0E617CC9-F0C9-4AC5-BD77-AD42DFB95D19}"
EndProject
Project("{FAE04EC0-301F-11D3-BF4B-00C04F79EFBC}") = "CallBack1", "CallBack1\CallBack1.csproj", "{E827720B-2F68-4DC1-B50C-70B5D3508E8F}"
EndProject
Project("{FAE04EC0-301F-11D3-BF4B-00C04F79EFBC}") = "CallBack2", "CallBack2\CallBack2.csproj", "{6896ED9B-1061-408A-9DCB-74704E75FE24}"
EndProject
Project("{9A19103F-16F7-4668-BE54-9A1E7A4F7556}") = "Interface5", "Interface5\Interface5.csproj", "{D07B8CB2-D5E6-4107-9D94-7CB79D9DBB73}"
EndProject
Project("{9A19103F-16F7-4668-BE54-9A1E7A4F7556}") = "Tuple1", "Tuple1\Tuple1.csproj", "{C77BAA8B-F530-4151-96E3-F12520B5223F}"
EndProject
Project("{9A19103F-16F7-4668-BE54-9A1E7A4F7556}") = "CallBack3", "CallBack3\CallBack3.csproj", "{1DCCB4B7-5406-4A73-823A-C71B942A571F}"
EndProject
Project("{9A19103F-16F7-4668-BE54-9A1E7A4F7556}") = "AsyncAwait4", "AsyncAwait4\AsyncAwait4.csproj", "{547CFCD3-9FD8-4E27-B2BF-6708A2E81C07}"
EndProject
Project("{FAE04EC0-301F-11D3-BF4B-00C04F79EFBC}") = "Event1", "Event1\Event1.csproj", "{D10B5D1D-0529-4887-B1C0-AFCD55525F9C}"
EndProject
Project("{FAE04EC0-301F-11D3-BF4B-00C04F79EFBC}") = "Json1", "Json1\Json1.csproj", "{F048205B-98ED-4882-918F-9ED597679D50}"
EndProject
Project("{FAE04EC0-301F-11D3-BF4B-00C04F79EFBC}") = "Observer1", "Observer1\Observer1.csproj", "{1FE4AC14-63CD-4BD7-A15A-20FE77D27861}"
EndProject
Project("{FAE04EC0-301F-11D3-BF4B-00C04F79EFBC}") = "Observer2", "Observer2\Observer2.csproj", "{6415EC0C-DD82-421C-A597-ACF011329ED8}"
EndProject
Project("{FAE04EC0-301F-11D3-BF4B-00C04F79EFBC}") = "INotifyPropertyChanged1", "INotifyPropertyChanged1\INotifyPropertyChanged1.csproj", "{D7D59DB8-0B4D-4F5C-B4F9-755CA28B8122}"
EndProject
Project("{9A19103F-16F7-4668-BE54-9A1E7A4F7556}") = "INotifyPropertyChanged2", "INotifyPropertyChanged2\INotifyPropertyChanged2.csproj", "{2F8AAB0D-4E32-4EB5-A7FD-BD249B90B669}"
EndProject
Project("{9A19103F-16F7-4668-BE54-9A1E7A4F7556}") = "CS8.0", "CS8.0\CS8.0.csproj", "{77B3A8A0-7784-49A2-A895-5A6840EE83BC}"
EndProject
Project("{FAE04EC0-301F-11D3-BF4B-00C04F79EFBC}") = "CS8.0_.Net", "CS8.0_.Net\CS8.0_.Net.csproj", "{D3D91595-EA49-4CE8-82F5-5627FC31126D}"
EndProject
Project("{FAE04EC0-301F-11D3-BF4B-00C04F79EFBC}") = "IsAs1", "IsAs1\IsAs1.csproj", "{6EE56B10-24D3-4692-9FD6-B2020F6D7B88}"
EndProject
Project("{FAE04EC0-301F-11D3-BF4B-00C04F79EFBC}") = "WpfApp1", "WpfApp1\WpfApp1.csproj", "{E9719AE2-E38F-4523-8699-38917884368A}"
EndProject
Project("{9A19103F-16F7-4668-BE54-9A1E7A4F7556}") = "BlankCoreApp1", "BlankCoreApp1\BlankCoreApp1.csproj", "{3B40A80F-425A-4719-A03E-B473129054CC}"
EndProject
Project("{9A19103F-16F7-4668-BE54-9A1E7A4F7556}") = "WpfApp2", "WpfApp2\WpfApp2.csproj", "{743E458B-35BB-497F-BC94-4B720462D73A}"
EndProject
Project("{FAE04EC0-301F-11D3-BF4B-00C04F79EFBC}") = "WebSocketServer", "WebSocketServer\WebSocketServer.csproj", "{E5112D8A-926C-4139-9DDE-1D7FFDA9BE24}"
EndProject
Project("{FAE04EC0-301F-11D3-BF4B-00C04F79EFBC}") = "Wpf_RadioButton_on_ListBox", "Wpf_RadioButton_Implement_on_ListBox\Wpf_RadioButton_on_ListBox.csproj", "{1E5F1E02-8616-4918-A5D2-10D7413C74CC}"
EndProject
Global
	GlobalSection(SolutionConfigurationPlatforms) = preSolution
		Debug|Any CPU = Debug|Any CPU
		Release|Any CPU = Release|Any CPU
	EndGlobalSection
	GlobalSection(ProjectConfigurationPlatforms) = postSolution
		{B583E20D-0E6D-4909-9009-4AD879299DBF}.Debug|Any CPU.ActiveCfg = Debug|Any CPU
		{B583E20D-0E6D-4909-9009-4AD879299DBF}.Debug|Any CPU.Build.0 = Debug|Any CPU
		{B583E20D-0E6D-4909-9009-4AD879299DBF}.Release|Any CPU.ActiveCfg = Release|Any CPU
		{B583E20D-0E6D-4909-9009-4AD879299DBF}.Release|Any CPU.Build.0 = Release|Any CPU
		{196D2AC9-8A19-4F68-984D-5E537FC4DE96}.Debug|Any CPU.ActiveCfg = Debug|Any CPU
		{196D2AC9-8A19-4F68-984D-5E537FC4DE96}.Debug|Any CPU.Build.0 = Debug|Any CPU
		{196D2AC9-8A19-4F68-984D-5E537FC4DE96}.Release|Any CPU.ActiveCfg = Release|Any CPU
		{196D2AC9-8A19-4F68-984D-5E537FC4DE96}.Release|Any CPU.Build.0 = Release|Any CPU
		{1D53561F-1AD7-4F0C-B6D4-C9733EAB628A}.Debug|Any CPU.ActiveCfg = Debug|Any CPU
		{1D53561F-1AD7-4F0C-B6D4-C9733EAB628A}.Debug|Any CPU.Build.0 = Debug|Any CPU
		{1D53561F-1AD7-4F0C-B6D4-C9733EAB628A}.Release|Any CPU.ActiveCfg = Release|Any CPU
		{1D53561F-1AD7-4F0C-B6D4-C9733EAB628A}.Release|Any CPU.Build.0 = Release|Any CPU
		{F9100648-3654-48ED-B20A-503C4A531CF5}.Debug|Any CPU.ActiveCfg = Debug|Any CPU
		{F9100648-3654-48ED-B20A-503C4A531CF5}.Debug|Any CPU.Build.0 = Debug|Any CPU
		{F9100648-3654-48ED-B20A-503C4A531CF5}.Release|Any CPU.ActiveCfg = Release|Any CPU
		{F9100648-3654-48ED-B20A-503C4A531CF5}.Release|Any CPU.Build.0 = Release|Any CPU
		{9C210621-3C1D-4E2D-8EF0-3E683B47CEEC}.Debug|Any CPU.ActiveCfg = Debug|Any CPU
		{9C210621-3C1D-4E2D-8EF0-3E683B47CEEC}.Debug|Any CPU.Build.0 = Debug|Any CPU
		{9C210621-3C1D-4E2D-8EF0-3E683B47CEEC}.Release|Any CPU.ActiveCfg = Release|Any CPU
		{9C210621-3C1D-4E2D-8EF0-3E683B47CEEC}.Release|Any CPU.Build.0 = Release|Any CPU
		{0925FD2E-AD74-494C-BFDF-401CE8DCE6DF}.Debug|Any CPU.ActiveCfg = Debug|Any CPU
		{0925FD2E-AD74-494C-BFDF-401CE8DCE6DF}.Debug|Any CPU.Build.0 = Debug|Any CPU
		{0925FD2E-AD74-494C-BFDF-401CE8DCE6DF}.Release|Any CPU.ActiveCfg = Release|Any CPU
		{0925FD2E-AD74-494C-BFDF-401CE8DCE6DF}.Release|Any CPU.Build.0 = Release|Any CPU
		{2961C027-896F-43E9-85E4-9B60978DD4B0}.Debug|Any CPU.ActiveCfg = Debug|Any CPU
		{2961C027-896F-43E9-85E4-9B60978DD4B0}.Debug|Any CPU.Build.0 = Debug|Any CPU
		{2961C027-896F-43E9-85E4-9B60978DD4B0}.Release|Any CPU.ActiveCfg = Release|Any CPU
		{2961C027-896F-43E9-85E4-9B60978DD4B0}.Release|Any CPU.Build.0 = Release|Any CPU
		{97ED23C1-3C34-49BC-AFCA-97A5DF4543BD}.Debug|Any CPU.ActiveCfg = Debug|Any CPU
		{97ED23C1-3C34-49BC-AFCA-97A5DF4543BD}.Debug|Any CPU.Build.0 = Debug|Any CPU
		{97ED23C1-3C34-49BC-AFCA-97A5DF4543BD}.Release|Any CPU.ActiveCfg = Release|Any CPU
		{97ED23C1-3C34-49BC-AFCA-97A5DF4543BD}.Release|Any CPU.Build.0 = Release|Any CPU
		{D884A594-8365-41DA-8D77-1CCF81759C8D}.Debug|Any CPU.ActiveCfg = Debug|Any CPU
		{D884A594-8365-41DA-8D77-1CCF81759C8D}.Debug|Any CPU.Build.0 = Debug|Any CPU
		{D884A594-8365-41DA-8D77-1CCF81759C8D}.Release|Any CPU.ActiveCfg = Release|Any CPU
		{D884A594-8365-41DA-8D77-1CCF81759C8D}.Release|Any CPU.Build.0 = Release|Any CPU
		{E1372FAC-CDF8-4069-8328-30BFB2B45D7F}.Debug|Any CPU.ActiveCfg = Debug|Any CPU
		{E1372FAC-CDF8-4069-8328-30BFB2B45D7F}.Debug|Any CPU.Build.0 = Debug|Any CPU
		{E1372FAC-CDF8-4069-8328-30BFB2B45D7F}.Release|Any CPU.ActiveCfg = Release|Any CPU
		{E1372FAC-CDF8-4069-8328-30BFB2B45D7F}.Release|Any CPU.Build.0 = Release|Any CPU
		{0CB27A86-3255-4BD6-9ACB-466113A2439D}.Debug|Any CPU.ActiveCfg = Debug|Any CPU
		{0CB27A86-3255-4BD6-9ACB-466113A2439D}.Debug|Any CPU.Build.0 = Debug|Any CPU
		{0CB27A86-3255-4BD6-9ACB-466113A2439D}.Release|Any CPU.ActiveCfg = Release|Any CPU
		{0CB27A86-3255-4BD6-9ACB-466113A2439D}.Release|Any CPU.Build.0 = Release|Any CPU
		{340C8197-C674-47C7-BF96-166B19A48B09}.Debug|Any CPU.ActiveCfg = Debug|Any CPU
		{340C8197-C674-47C7-BF96-166B19A48B09}.Debug|Any CPU.Build.0 = Debug|Any CPU
		{340C8197-C674-47C7-BF96-166B19A48B09}.Release|Any CPU.ActiveCfg = Release|Any CPU
		{340C8197-C674-47C7-BF96-166B19A48B09}.Release|Any CPU.Build.0 = Release|Any CPU
		{A61F36DB-927D-4BF2-9C53-BD0408E8708F}.Debug|Any CPU.ActiveCfg = Debug|Any CPU
		{A61F36DB-927D-4BF2-9C53-BD0408E8708F}.Debug|Any CPU.Build.0 = Debug|Any CPU
		{A61F36DB-927D-4BF2-9C53-BD0408E8708F}.Release|Any CPU.ActiveCfg = Release|Any CPU
		{A61F36DB-927D-4BF2-9C53-BD0408E8708F}.Release|Any CPU.Build.0 = Release|Any CPU
		{07CB4CD1-7033-4E84-BD8E-AA010990D408}.Debug|Any CPU.ActiveCfg = Debug|Any CPU
		{07CB4CD1-7033-4E84-BD8E-AA010990D408}.Debug|Any CPU.Build.0 = Debug|Any CPU
		{07CB4CD1-7033-4E84-BD8E-AA010990D408}.Release|Any CPU.ActiveCfg = Release|Any CPU
		{07CB4CD1-7033-4E84-BD8E-AA010990D408}.Release|Any CPU.Build.0 = Release|Any CPU
		{420F7C23-3AEF-40A5-9663-C4ABF813EDA0}.Debug|Any CPU.ActiveCfg = Debug|Any CPU
		{420F7C23-3AEF-40A5-9663-C4ABF813EDA0}.Debug|Any CPU.Build.0 = Debug|Any CPU
		{420F7C23-3AEF-40A5-9663-C4ABF813EDA0}.Release|Any CPU.ActiveCfg = Release|Any CPU
		{420F7C23-3AEF-40A5-9663-C4ABF813EDA0}.Release|Any CPU.Build.0 = Release|Any CPU
		{CAA8E904-AFB5-4572-8C42-D3C33B7CC451}.Debug|Any CPU.ActiveCfg = Debug|Any CPU
		{CAA8E904-AFB5-4572-8C42-D3C33B7CC451}.Debug|Any CPU.Build.0 = Debug|Any CPU
		{CAA8E904-AFB5-4572-8C42-D3C33B7CC451}.Release|Any CPU.ActiveCfg = Release|Any CPU
		{CAA8E904-AFB5-4572-8C42-D3C33B7CC451}.Release|Any CPU.Build.0 = Release|Any CPU
		{0AEEE958-3DAC-4BA3-A831-0BC7EDC34A97}.Debug|Any CPU.ActiveCfg = Debug|Any CPU
		{0AEEE958-3DAC-4BA3-A831-0BC7EDC34A97}.Debug|Any CPU.Build.0 = Debug|Any CPU
		{0AEEE958-3DAC-4BA3-A831-0BC7EDC34A97}.Release|Any CPU.ActiveCfg = Release|Any CPU
		{0AEEE958-3DAC-4BA3-A831-0BC7EDC34A97}.Release|Any CPU.Build.0 = Release|Any CPU
		{2F9276F6-72F7-4535-8C5B-FA299BBEE378}.Debug|Any CPU.ActiveCfg = Debug|Any CPU
		{2F9276F6-72F7-4535-8C5B-FA299BBEE378}.Debug|Any CPU.Build.0 = Debug|Any CPU
		{2F9276F6-72F7-4535-8C5B-FA299BBEE378}.Release|Any CPU.ActiveCfg = Release|Any CPU
		{2F9276F6-72F7-4535-8C5B-FA299BBEE378}.Release|Any CPU.Build.0 = Release|Any CPU
		{EC1E0455-B0EB-481F-885C-60724D14D225}.Debug|Any CPU.ActiveCfg = Debug|Any CPU
		{EC1E0455-B0EB-481F-885C-60724D14D225}.Debug|Any CPU.Build.0 = Debug|Any CPU
		{EC1E0455-B0EB-481F-885C-60724D14D225}.Release|Any CPU.ActiveCfg = Release|Any CPU
		{EC1E0455-B0EB-481F-885C-60724D14D225}.Release|Any CPU.Build.0 = Release|Any CPU
		{379D864B-4F15-47AE-A792-C79D1444030A}.Debug|Any CPU.ActiveCfg = Debug|Any CPU
		{379D864B-4F15-47AE-A792-C79D1444030A}.Debug|Any CPU.Build.0 = Debug|Any CPU
		{379D864B-4F15-47AE-A792-C79D1444030A}.Release|Any CPU.ActiveCfg = Release|Any CPU
		{379D864B-4F15-47AE-A792-C79D1444030A}.Release|Any CPU.Build.0 = Release|Any CPU
		{E4D451E5-E44D-4C86-9752-41875367F74E}.Debug|Any CPU.ActiveCfg = Debug|Any CPU
		{E4D451E5-E44D-4C86-9752-41875367F74E}.Debug|Any CPU.Build.0 = Debug|Any CPU
		{E4D451E5-E44D-4C86-9752-41875367F74E}.Release|Any CPU.ActiveCfg = Release|Any CPU
		{E4D451E5-E44D-4C86-9752-41875367F74E}.Release|Any CPU.Build.0 = Release|Any CPU
		{77FF9AA3-0ED5-4364-9B90-4832648D39BE}.Debug|Any CPU.ActiveCfg = Debug|Any CPU
		{77FF9AA3-0ED5-4364-9B90-4832648D39BE}.Debug|Any CPU.Build.0 = Debug|Any CPU
		{77FF9AA3-0ED5-4364-9B90-4832648D39BE}.Release|Any CPU.ActiveCfg = Release|Any CPU
		{77FF9AA3-0ED5-4364-9B90-4832648D39BE}.Release|Any CPU.Build.0 = Release|Any CPU
		{5235A1A8-1CCD-404B-9DBA-37E08CA29873}.Debug|Any CPU.ActiveCfg = Debug|Any CPU
		{5235A1A8-1CCD-404B-9DBA-37E08CA29873}.Debug|Any CPU.Build.0 = Debug|Any CPU
		{5235A1A8-1CCD-404B-9DBA-37E08CA29873}.Release|Any CPU.ActiveCfg = Release|Any CPU
		{5235A1A8-1CCD-404B-9DBA-37E08CA29873}.Release|Any CPU.Build.0 = Release|Any CPU
		{575F3BAB-CCCF-45C4-A129-05DEAEAB137C}.Debug|Any CPU.ActiveCfg = Debug|Any CPU
		{575F3BAB-CCCF-45C4-A129-05DEAEAB137C}.Debug|Any CPU.Build.0 = Debug|Any CPU
		{575F3BAB-CCCF-45C4-A129-05DEAEAB137C}.Release|Any CPU.ActiveCfg = Release|Any CPU
		{575F3BAB-CCCF-45C4-A129-05DEAEAB137C}.Release|Any CPU.Build.0 = Release|Any CPU
		{6B4BA354-1F1D-407F-A522-2B4A142C344C}.Debug|Any CPU.ActiveCfg = Debug|Any CPU
		{6B4BA354-1F1D-407F-A522-2B4A142C344C}.Debug|Any CPU.Build.0 = Debug|Any CPU
		{6B4BA354-1F1D-407F-A522-2B4A142C344C}.Release|Any CPU.ActiveCfg = Release|Any CPU
		{6B4BA354-1F1D-407F-A522-2B4A142C344C}.Release|Any CPU.Build.0 = Release|Any CPU
		{F732B073-23AB-4946-8485-C98596FD7862}.Debug|Any CPU.ActiveCfg = Debug|Any CPU
		{F732B073-23AB-4946-8485-C98596FD7862}.Debug|Any CPU.Build.0 = Debug|Any CPU
		{F732B073-23AB-4946-8485-C98596FD7862}.Release|Any CPU.ActiveCfg = Release|Any CPU
		{F732B073-23AB-4946-8485-C98596FD7862}.Release|Any CPU.Build.0 = Release|Any CPU
		{B8B9327E-DB49-40B2-A7BF-3F5D2AA3ED82}.Debug|Any CPU.ActiveCfg = Debug|Any CPU
		{B8B9327E-DB49-40B2-A7BF-3F5D2AA3ED82}.Debug|Any CPU.Build.0 = Debug|Any CPU
		{B8B9327E-DB49-40B2-A7BF-3F5D2AA3ED82}.Release|Any CPU.ActiveCfg = Release|Any CPU
		{B8B9327E-DB49-40B2-A7BF-3F5D2AA3ED82}.Release|Any CPU.Build.0 = Release|Any CPU
		{3BDA6285-ACF2-449B-9B4C-079DA9D0935B}.Debug|Any CPU.ActiveCfg = Debug|Any CPU
		{3BDA6285-ACF2-449B-9B4C-079DA9D0935B}.Debug|Any CPU.Build.0 = Debug|Any CPU
		{3BDA6285-ACF2-449B-9B4C-079DA9D0935B}.Release|Any CPU.ActiveCfg = Release|Any CPU
		{3BDA6285-ACF2-449B-9B4C-079DA9D0935B}.Release|Any CPU.Build.0 = Release|Any CPU
		{0E617CC9-F0C9-4AC5-BD77-AD42DFB95D19}.Debug|Any CPU.ActiveCfg = Debug|Any CPU
		{0E617CC9-F0C9-4AC5-BD77-AD42DFB95D19}.Debug|Any CPU.Build.0 = Debug|Any CPU
		{0E617CC9-F0C9-4AC5-BD77-AD42DFB95D19}.Release|Any CPU.ActiveCfg = Release|Any CPU
		{0E617CC9-F0C9-4AC5-BD77-AD42DFB95D19}.Release|Any CPU.Build.0 = Release|Any CPU
		{E827720B-2F68-4DC1-B50C-70B5D3508E8F}.Debug|Any CPU.ActiveCfg = Debug|Any CPU
		{E827720B-2F68-4DC1-B50C-70B5D3508E8F}.Debug|Any CPU.Build.0 = Debug|Any CPU
		{E827720B-2F68-4DC1-B50C-70B5D3508E8F}.Release|Any CPU.ActiveCfg = Release|Any CPU
		{E827720B-2F68-4DC1-B50C-70B5D3508E8F}.Release|Any CPU.Build.0 = Release|Any CPU
		{6896ED9B-1061-408A-9DCB-74704E75FE24}.Debug|Any CPU.ActiveCfg = Debug|Any CPU
		{6896ED9B-1061-408A-9DCB-74704E75FE24}.Debug|Any CPU.Build.0 = Debug|Any CPU
		{6896ED9B-1061-408A-9DCB-74704E75FE24}.Release|Any CPU.ActiveCfg = Release|Any CPU
		{6896ED9B-1061-408A-9DCB-74704E75FE24}.Release|Any CPU.Build.0 = Release|Any CPU
		{D07B8CB2-D5E6-4107-9D94-7CB79D9DBB73}.Debug|Any CPU.ActiveCfg = Debug|Any CPU
		{D07B8CB2-D5E6-4107-9D94-7CB79D9DBB73}.Debug|Any CPU.Build.0 = Debug|Any CPU
		{D07B8CB2-D5E6-4107-9D94-7CB79D9DBB73}.Release|Any CPU.ActiveCfg = Release|Any CPU
		{D07B8CB2-D5E6-4107-9D94-7CB79D9DBB73}.Release|Any CPU.Build.0 = Release|Any CPU
		{C77BAA8B-F530-4151-96E3-F12520B5223F}.Debug|Any CPU.ActiveCfg = Debug|Any CPU
		{C77BAA8B-F530-4151-96E3-F12520B5223F}.Debug|Any CPU.Build.0 = Debug|Any CPU
		{C77BAA8B-F530-4151-96E3-F12520B5223F}.Release|Any CPU.ActiveCfg = Release|Any CPU
		{C77BAA8B-F530-4151-96E3-F12520B5223F}.Release|Any CPU.Build.0 = Release|Any CPU
		{1DCCB4B7-5406-4A73-823A-C71B942A571F}.Debug|Any CPU.ActiveCfg = Debug|Any CPU
		{1DCCB4B7-5406-4A73-823A-C71B942A571F}.Debug|Any CPU.Build.0 = Debug|Any CPU
		{1DCCB4B7-5406-4A73-823A-C71B942A571F}.Release|Any CPU.ActiveCfg = Release|Any CPU
		{1DCCB4B7-5406-4A73-823A-C71B942A571F}.Release|Any CPU.Build.0 = Release|Any CPU
		{547CFCD3-9FD8-4E27-B2BF-6708A2E81C07}.Debug|Any CPU.ActiveCfg = Debug|Any CPU
		{547CFCD3-9FD8-4E27-B2BF-6708A2E81C07}.Debug|Any CPU.Build.0 = Debug|Any CPU
		{547CFCD3-9FD8-4E27-B2BF-6708A2E81C07}.Release|Any CPU.ActiveCfg = Release|Any CPU
		{547CFCD3-9FD8-4E27-B2BF-6708A2E81C07}.Release|Any CPU.Build.0 = Release|Any CPU
		{D10B5D1D-0529-4887-B1C0-AFCD55525F9C}.Debug|Any CPU.ActiveCfg = Debug|Any CPU
		{D10B5D1D-0529-4887-B1C0-AFCD55525F9C}.Debug|Any CPU.Build.0 = Debug|Any CPU
		{D10B5D1D-0529-4887-B1C0-AFCD55525F9C}.Release|Any CPU.ActiveCfg = Release|Any CPU
		{D10B5D1D-0529-4887-B1C0-AFCD55525F9C}.Release|Any CPU.Build.0 = Release|Any CPU
		{F048205B-98ED-4882-918F-9ED597679D50}.Debug|Any CPU.ActiveCfg = Debug|Any CPU
		{F048205B-98ED-4882-918F-9ED597679D50}.Debug|Any CPU.Build.0 = Debug|Any CPU
		{F048205B-98ED-4882-918F-9ED597679D50}.Release|Any CPU.ActiveCfg = Release|Any CPU
		{F048205B-98ED-4882-918F-9ED597679D50}.Release|Any CPU.Build.0 = Release|Any CPU
		{1FE4AC14-63CD-4BD7-A15A-20FE77D27861}.Debug|Any CPU.ActiveCfg = Debug|Any CPU
		{1FE4AC14-63CD-4BD7-A15A-20FE77D27861}.Debug|Any CPU.Build.0 = Debug|Any CPU
		{1FE4AC14-63CD-4BD7-A15A-20FE77D27861}.Release|Any CPU.ActiveCfg = Release|Any CPU
		{1FE4AC14-63CD-4BD7-A15A-20FE77D27861}.Release|Any CPU.Build.0 = Release|Any CPU
		{6415EC0C-DD82-421C-A597-ACF011329ED8}.Debug|Any CPU.ActiveCfg = Debug|Any CPU
		{6415EC0C-DD82-421C-A597-ACF011329ED8}.Debug|Any CPU.Build.0 = Debug|Any CPU
		{6415EC0C-DD82-421C-A597-ACF011329ED8}.Release|Any CPU.ActiveCfg = Release|Any CPU
		{6415EC0C-DD82-421C-A597-ACF011329ED8}.Release|Any CPU.Build.0 = Release|Any CPU
		{D7D59DB8-0B4D-4F5C-B4F9-755CA28B8122}.Debug|Any CPU.ActiveCfg = Debug|Any CPU
		{D7D59DB8-0B4D-4F5C-B4F9-755CA28B8122}.Debug|Any CPU.Build.0 = Debug|Any CPU
		{D7D59DB8-0B4D-4F5C-B4F9-755CA28B8122}.Release|Any CPU.ActiveCfg = Release|Any CPU
		{D7D59DB8-0B4D-4F5C-B4F9-755CA28B8122}.Release|Any CPU.Build.0 = Release|Any CPU
		{2F8AAB0D-4E32-4EB5-A7FD-BD249B90B669}.Debug|Any CPU.ActiveCfg = Debug|Any CPU
		{2F8AAB0D-4E32-4EB5-A7FD-BD249B90B669}.Debug|Any CPU.Build.0 = Debug|Any CPU
		{2F8AAB0D-4E32-4EB5-A7FD-BD249B90B669}.Release|Any CPU.ActiveCfg = Release|Any CPU
		{2F8AAB0D-4E32-4EB5-A7FD-BD249B90B669}.Release|Any CPU.Build.0 = Release|Any CPU
		{77B3A8A0-7784-49A2-A895-5A6840EE83BC}.Debug|Any CPU.ActiveCfg = Debug|Any CPU
		{77B3A8A0-7784-49A2-A895-5A6840EE83BC}.Debug|Any CPU.Build.0 = Debug|Any CPU
		{77B3A8A0-7784-49A2-A895-5A6840EE83BC}.Release|Any CPU.ActiveCfg = Release|Any CPU
		{77B3A8A0-7784-49A2-A895-5A6840EE83BC}.Release|Any CPU.Build.0 = Release|Any CPU
		{D3D91595-EA49-4CE8-82F5-5627FC31126D}.Debug|Any CPU.ActiveCfg = Debug|Any CPU
		{D3D91595-EA49-4CE8-82F5-5627FC31126D}.Debug|Any CPU.Build.0 = Debug|Any CPU
		{D3D91595-EA49-4CE8-82F5-5627FC31126D}.Release|Any CPU.ActiveCfg = Release|Any CPU
		{D3D91595-EA49-4CE8-82F5-5627FC31126D}.Release|Any CPU.Build.0 = Release|Any CPU
		{6EE56B10-24D3-4692-9FD6-B2020F6D7B88}.Debug|Any CPU.ActiveCfg = Debug|Any CPU
		{6EE56B10-24D3-4692-9FD6-B2020F6D7B88}.Debug|Any CPU.Build.0 = Debug|Any CPU
		{6EE56B10-24D3-4692-9FD6-B2020F6D7B88}.Release|Any CPU.ActiveCfg = Release|Any CPU
		{6EE56B10-24D3-4692-9FD6-B2020F6D7B88}.Release|Any CPU.Build.0 = Release|Any CPU
		{E9719AE2-E38F-4523-8699-38917884368A}.Debug|Any CPU.ActiveCfg = Debug|Any CPU
		{E9719AE2-E38F-4523-8699-38917884368A}.Debug|Any CPU.Build.0 = Debug|Any CPU
		{E9719AE2-E38F-4523-8699-38917884368A}.Release|Any CPU.ActiveCfg = Release|Any CPU
		{E9719AE2-E38F-4523-8699-38917884368A}.Release|Any CPU.Build.0 = Release|Any CPU
		{3B40A80F-425A-4719-A03E-B473129054CC}.Debug|Any CPU.ActiveCfg = Debug|Any CPU
		{3B40A80F-425A-4719-A03E-B473129054CC}.Debug|Any CPU.Build.0 = Debug|Any CPU
		{3B40A80F-425A-4719-A03E-B473129054CC}.Release|Any CPU.ActiveCfg = Release|Any CPU
		{3B40A80F-425A-4719-A03E-B473129054CC}.Release|Any CPU.Build.0 = Release|Any CPU
		{743E458B-35BB-497F-BC94-4B720462D73A}.Debug|Any CPU.ActiveCfg = Debug|Any CPU
		{743E458B-35BB-497F-BC94-4B720462D73A}.Debug|Any CPU.Build.0 = Debug|Any CPU
		{743E458B-35BB-497F-BC94-4B720462D73A}.Release|Any CPU.ActiveCfg = Release|Any CPU
		{743E458B-35BB-497F-BC94-4B720462D73A}.Release|Any CPU.Build.0 = Release|Any CPU
		{E5112D8A-926C-4139-9DDE-1D7FFDA9BE24}.Debug|Any CPU.ActiveCfg = Debug|Any CPU
		{E5112D8A-926C-4139-9DDE-1D7FFDA9BE24}.Debug|Any CPU.Build.0 = Debug|Any CPU
		{E5112D8A-926C-4139-9DDE-1D7FFDA9BE24}.Release|Any CPU.ActiveCfg = Release|Any CPU
		{E5112D8A-926C-4139-9DDE-1D7FFDA9BE24}.Release|Any CPU.Build.0 = Release|Any CPU
		{1E5F1E02-8616-4918-A5D2-10D7413C74CC}.Debug|Any CPU.ActiveCfg = Debug|Any CPU
		{1E5F1E02-8616-4918-A5D2-10D7413C74CC}.Debug|Any CPU.Build.0 = Debug|Any CPU
		{1E5F1E02-8616-4918-A5D2-10D7413C74CC}.Release|Any CPU.ActiveCfg = Release|Any CPU
		{1E5F1E02-8616-4918-A5D2-10D7413C74CC}.Release|Any CPU.Build.0 = Release|Any CPU
	EndGlobalSection
	GlobalSection(SolutionProperties) = preSolution
		HideSolutionNode = FALSE
	EndGlobalSection
	GlobalSection(ExtensibilityGlobals) = postSolution
		SolutionGuid = {6AA30A56-D8A1-4FE4-85A2-3C159D6AA8EA}
	EndGlobalSection
EndGlobal
